
Microsoft Visual Studio Solution File, Format Version 12.00
# Visual Studio Version 17
VisualStudioVersion = 17.8.34525.116
MinimumVisualStudioVersion = 10.0.40219.1
Project("{FAE04EC0-301F-11D3-BF4B-00C04F79EFBC}") = "Backend-ShortedUrl", "Backend-ShortedUrl\Backend-ShortedUrl.csproj", "{339B957C-D27A-4604-B290-0473826DA022}"
EndProject
Global
	GlobalSection(SolutionConfigurationPlatforms) = preSolution
		Debug|Any CPU = Debug|Any CPU
		Release|Any CPU = Release|Any CPU
	EndGlobalSection
	GlobalSection(ProjectConfigurationPlatforms) = postSolution
		{339B957C-D27A-4604-B290-0473826DA022}.Debug|Any CPU.ActiveCfg = Debug|Any CPU
		{339B957C-D27A-4604-B290-0473826DA022}.Debug|Any CPU.Build.0 = Debug|Any CPU
		{339B957C-D27A-4604-B290-0473826DA022}.Release|Any CPU.ActiveCfg = Release|Any CPU
		{339B957C-D27A-4604-B290-0473826DA022}.Release|Any CPU.Build.0 = Release|Any CPU
	EndGlobalSection
	GlobalSection(SolutionProperties) = preSolution
		HideSolutionNode = FALSE
	EndGlobalSection
	GlobalSection(ExtensibilityGlobals) = postSolution
		SolutionGuid = {91515048-A303-4226-98A1-685BAD8F1A29}
	EndGlobalSection
EndGlobal
